
Microsoft Visual Studio Solution File, Format Version 12.00
# Visual Studio Version 17
VisualStudioVersion = 17.4.33122.133
MinimumVisualStudioVersion = 10.0.40219.1
Project("{9A19103F-16F7-4668-BE54-9A1E7A4F7556}") = "SmartMixWebReporter.Server", "SmartMixWebReporter\Server\SmartMixWebReporter.Server.csproj", "{91645859-E244-4DAC-A7A0-72BC1AD60A03}"
EndProject
Project("{9A19103F-16F7-4668-BE54-9A1E7A4F7556}") = "SmartMixWebReporter.Client", "SmartMixWebReporter\Client\SmartMixWebReporter.Client.csproj", "{130D9489-80FF-4FA8-B573-419ABFD66233}"
EndProject
Project("{9A19103F-16F7-4668-BE54-9A1E7A4F7556}") = "SmartMixWebReporter.Shared", "SmartMixWebReporter\Shared\SmartMixWebReporter.Shared.csproj", "{06FC5EAE-5062-4C72-A6B2-02462D93E778}"
EndProject
Project("{2150E333-8FDC-42A3-9474-1A3956D46DE8}") = "Communication", "Communication", "{432D7779-0B63-440E-B41B-3DDDFDF07F6E}"
EndProject
Project("{2150E333-8FDC-42A3-9474-1A3956D46DE8}") = "Signal", "Signal", "{F8711EE8-0C0E-4F01-B01D-387FC5855D62}"
EndProject
Project("{2150E333-8FDC-42A3-9474-1A3956D46DE8}") = "Server", "Server", "{38809774-0AA6-4798-B05E-9900AC24A878}"
EndProject
Project("{2150E333-8FDC-42A3-9474-1A3956D46DE8}") = "Client", "Client", "{F9A447FC-DCC0-43A1-9513-B7AF5A30758A}"
EndProject
Project("{2150E333-8FDC-42A3-9474-1A3956D46DE8}") = "Listener", "Listener", "{2B4787A5-FC1F-412B-8F30-EE2DEFA9CF46}"
EndProject
Project("{2150E333-8FDC-42A3-9474-1A3956D46DE8}") = "Client", "Client", "{FF3613D3-A39A-4C7E-B31B-403268585806}"
EndProject
Project("{9A19103F-16F7-4668-BE54-9A1E7A4F7556}") = "BridgeService", "BridgeService\BridgeService.csproj", "{7CF9687D-4453-4512-BCAB-5F2F8EC5E135}"
EndProject
Project("{2150E333-8FDC-42A3-9474-1A3956D46DE8}") = "Libraries", "Libraries", "{A128FF95-CC2B-4CC1-B50E-B67E30EDFE55}"
EndProject
Project("{9A19103F-16F7-4668-BE54-9A1E7A4F7556}") = "Entities", "Entities\Entities.csproj", "{DF814FF0-7F39-465F-91D1-448AE1162334}"
EndProject
Project("{9A19103F-16F7-4668-BE54-9A1E7A4F7556}") = "CommunicationService", "CommunicationService\CommunicationService.csproj", "{7AB5BFF5-EE28-40B6-9CF5-A3B0EC3D3823}"
EndProject
Project("{9A19103F-16F7-4668-BE54-9A1E7A4F7556}") = "Managers", "Managers\Managers.csproj", "{C2EE07DD-BBB1-494D-8D05-D0CE033C6615}"
EndProject
Project("{9A19103F-16F7-4668-BE54-9A1E7A4F7556}") = "Converters", "Converters\Converters.csproj", "{976320E4-4A25-49EB-937A-6E7BCE9CAB7C}"
EndProject
Project("{9A19103F-16F7-4668-BE54-9A1E7A4F7556}") = "CommunicationClient", "CommunicationClient\CommunicationClient.csproj", "{79CB079A-2E0E-4D86-8D6C-E9C7155EB758}"
EndProject
Project("{2150E333-8FDC-42A3-9474-1A3956D46DE8}") = "Common", "Common", "{71EC3EED-85B9-43D6-87DC-9F15FB70994C}"
EndProject
Project("{9A19103F-16F7-4668-BE54-9A1E7A4F7556}") = "CommunicationMessageHandler.Client", "CommunicationMessageHandler.Client\CommunicationMessageHandler.Client.csproj", "{505EEB33-F9E5-43E9-9B7C-5986D21CE451}"
EndProject
Project("{9A19103F-16F7-4668-BE54-9A1E7A4F7556}") = "CommunicationMessageExecutor.Client", "CommunicationMessageExecutor.Client\CommunicationMessageExecutor.Client.csproj", "{C9FD8B00-91D2-4A41-ACBD-556CF90ECEFB}"
EndProject
Project("{9A19103F-16F7-4668-BE54-9A1E7A4F7556}") = "CommunicationMessageHandler", "CommunicationMessageHandler\CommunicationMessageHandler.csproj", "{40F3B169-4E96-4254-824A-634A9E8BC9B6}"
EndProject
Project("{9A19103F-16F7-4668-BE54-9A1E7A4F7556}") = "CommunicationMessageWorker", "CommunicationMessageWorker\CommunicationMessageWorker.csproj", "{7A7D99E8-C318-4E01-98E0-804DF45855AA}"
EndProject
Project("{9A19103F-16F7-4668-BE54-9A1E7A4F7556}") = "CommunicationMessageExecutor.Server", "CommunicationMessageExecutor.Server\CommunicationMessageExecutor.Server.csproj", "{885887A3-6D9D-43EE-8842-7E123914BB2B}"
EndProject
Project("{9A19103F-16F7-4668-BE54-9A1E7A4F7556}") = "CommunicationMessageQueueManager", "CommunicationMessageQueueManager\CommunicationMessageQueueManager.csproj", "{800CC530-A354-4995-9BEC-1526363C9BE4}"
EndProject
Project("{2150E333-8FDC-42A3-9474-1A3956D46DE8}") = "Service", "Service", "{EA9233EB-72C6-41C3-819B-09F44F522392}"
EndProject
Project("{9A19103F-16F7-4668-BE54-9A1E7A4F7556}") = "ClientService", "ClientService\ClientService.csproj", "{56CBCFF8-9ECC-43A9-A38F-EA409C46E03C}"
EndProject
Project("{9A19103F-16F7-4668-BE54-9A1E7A4F7556}") = "Constants", "Constants\Constants.csproj", "{50020D5A-B073-4B98-AC0C-F3A0BFBC93F9}"
EndProject
Project("{2150E333-8FDC-42A3-9474-1A3956D46DE8}") = "Communication", "Communication", "{6C94B56D-2CC4-419F-8B02-4410061551B6}"
EndProject
Project("{9A19103F-16F7-4668-BE54-9A1E7A4F7556}") = "AutoConverter", "AutoConverter\AutoConverter.csproj", "{D814A778-B673-48E6-8FDA-8ECE7ACE5264}"
EndProject
Project("{2150E333-8FDC-42A3-9474-1A3956D46DE8}") = "Test", "Test", "{336F1A6E-5B16-4E23-A745-6B88FD8A3B68}"
EndProject
Project("{2150E333-8FDC-42A3-9474-1A3956D46DE8}") = "Production", "Production", "{BB023455-9B13-4809-AB64-F025C282F2B8}"
EndProject
Project("{9A19103F-16F7-4668-BE54-9A1E7A4F7556}") = "WebReporter.Server", "WebReporter\Server\WebReporter.Server.csproj", "{81873DE1-2822-42EF-B251-47F24252447A}"
EndProject
Project("{9A19103F-16F7-4668-BE54-9A1E7A4F7556}") = "WebReporter.Client", "WebReporter\Client\WebReporter.Client.csproj", "{F5D494C2-08A2-423A-83BE-EFBEAFD4AFCF}"
EndProject
Project("{9A19103F-16F7-4668-BE54-9A1E7A4F7556}") = "WebReporter.Shared", "WebReporter\Shared\WebReporter.Shared.csproj", "{062CF77F-B1F3-470C-8299-2F5C536D4A4C}"
EndProject
Project("{9A19103F-16F7-4668-BE54-9A1E7A4F7556}") = "WebReporter.ChartsConfigurator", "WebReporter.ChartsConfigurator\WebReporter.ChartsConfigurator.csproj", "{70BD3A9B-03BF-4410-B70D-E7C3EAEBA97E}"
EndProject
Project("{2150E333-8FDC-42A3-9474-1A3956D46DE8}") = "Reporter", "Reporter", "{1CFB6EA1-45D6-43FE-9C55-5C33BE855E90}"
EndProject
Project("{9A19103F-16F7-4668-BE54-9A1E7A4F7556}") = "Reporter.Server", "Reporter\Server\Reporter.Server.csproj", "{5C210284-57CE-4EE3-97E6-2BF8EBFDE09C}"
EndProject
Project("{9A19103F-16F7-4668-BE54-9A1E7A4F7556}") = "Reporter.Client", "Reporter\Client\Reporter.Client.csproj", "{D6FFB6A0-737A-4781-971A-BAA21F3A0A0E}"
EndProject
Project("{9A19103F-16F7-4668-BE54-9A1E7A4F7556}") = "Reporter.Shared", "Reporter\Shared\Reporter.Shared.csproj", "{E3446690-0FAA-4938-9720-B9BB81487064}"
EndProject
Global
	GlobalSection(SolutionConfigurationPlatforms) = preSolution
		Debug|Any CPU = Debug|Any CPU
		Release|Any CPU = Release|Any CPU
	EndGlobalSection
	GlobalSection(ProjectConfigurationPlatforms) = postSolution
		{91645859-E244-4DAC-A7A0-72BC1AD60A03}.Debug|Any CPU.ActiveCfg = Debug|Any CPU
		{91645859-E244-4DAC-A7A0-72BC1AD60A03}.Debug|Any CPU.Build.0 = Debug|Any CPU
		{91645859-E244-4DAC-A7A0-72BC1AD60A03}.Release|Any CPU.ActiveCfg = Release|Any CPU
		{91645859-E244-4DAC-A7A0-72BC1AD60A03}.Release|Any CPU.Build.0 = Release|Any CPU
		{130D9489-80FF-4FA8-B573-419ABFD66233}.Debug|Any CPU.ActiveCfg = Debug|Any CPU
		{130D9489-80FF-4FA8-B573-419ABFD66233}.Debug|Any CPU.Build.0 = Debug|Any CPU
		{130D9489-80FF-4FA8-B573-419ABFD66233}.Release|Any CPU.ActiveCfg = Release|Any CPU
		{130D9489-80FF-4FA8-B573-419ABFD66233}.Release|Any CPU.Build.0 = Release|Any CPU
		{06FC5EAE-5062-4C72-A6B2-02462D93E778}.Debug|Any CPU.ActiveCfg = Debug|Any CPU
		{06FC5EAE-5062-4C72-A6B2-02462D93E778}.Debug|Any CPU.Build.0 = Debug|Any CPU
		{06FC5EAE-5062-4C72-A6B2-02462D93E778}.Release|Any CPU.ActiveCfg = Release|Any CPU
		{06FC5EAE-5062-4C72-A6B2-02462D93E778}.Release|Any CPU.Build.0 = Release|Any CPU
		{7CF9687D-4453-4512-BCAB-5F2F8EC5E135}.Debug|Any CPU.ActiveCfg = Debug|Any CPU
		{7CF9687D-4453-4512-BCAB-5F2F8EC5E135}.Debug|Any CPU.Build.0 = Debug|Any CPU
		{7CF9687D-4453-4512-BCAB-5F2F8EC5E135}.Release|Any CPU.ActiveCfg = Release|Any CPU
		{7CF9687D-4453-4512-BCAB-5F2F8EC5E135}.Release|Any CPU.Build.0 = Release|Any CPU
		{DF814FF0-7F39-465F-91D1-448AE1162334}.Debug|Any CPU.ActiveCfg = Debug|Any CPU
		{DF814FF0-7F39-465F-91D1-448AE1162334}.Debug|Any CPU.Build.0 = Debug|Any CPU
		{DF814FF0-7F39-465F-91D1-448AE1162334}.Release|Any CPU.ActiveCfg = Release|Any CPU
		{DF814FF0-7F39-465F-91D1-448AE1162334}.Release|Any CPU.Build.0 = Release|Any CPU
		{7AB5BFF5-EE28-40B6-9CF5-A3B0EC3D3823}.Debug|Any CPU.ActiveCfg = Debug|Any CPU
		{7AB5BFF5-EE28-40B6-9CF5-A3B0EC3D3823}.Debug|Any CPU.Build.0 = Debug|Any CPU
		{7AB5BFF5-EE28-40B6-9CF5-A3B0EC3D3823}.Release|Any CPU.ActiveCfg = Release|Any CPU
		{7AB5BFF5-EE28-40B6-9CF5-A3B0EC3D3823}.Release|Any CPU.Build.0 = Release|Any CPU
		{C2EE07DD-BBB1-494D-8D05-D0CE033C6615}.Debug|Any CPU.ActiveCfg = Debug|Any CPU
		{C2EE07DD-BBB1-494D-8D05-D0CE033C6615}.Debug|Any CPU.Build.0 = Debug|Any CPU
		{C2EE07DD-BBB1-494D-8D05-D0CE033C6615}.Release|Any CPU.ActiveCfg = Release|Any CPU
		{C2EE07DD-BBB1-494D-8D05-D0CE033C6615}.Release|Any CPU.Build.0 = Release|Any CPU
		{976320E4-4A25-49EB-937A-6E7BCE9CAB7C}.Debug|Any CPU.ActiveCfg = Debug|Any CPU
		{976320E4-4A25-49EB-937A-6E7BCE9CAB7C}.Debug|Any CPU.Build.0 = Debug|Any CPU
		{976320E4-4A25-49EB-937A-6E7BCE9CAB7C}.Release|Any CPU.ActiveCfg = Release|Any CPU
		{976320E4-4A25-49EB-937A-6E7BCE9CAB7C}.Release|Any CPU.Build.0 = Release|Any CPU
		{79CB079A-2E0E-4D86-8D6C-E9C7155EB758}.Debug|Any CPU.ActiveCfg = Debug|Any CPU
		{79CB079A-2E0E-4D86-8D6C-E9C7155EB758}.Debug|Any CPU.Build.0 = Debug|Any CPU
		{79CB079A-2E0E-4D86-8D6C-E9C7155EB758}.Release|Any CPU.ActiveCfg = Release|Any CPU
		{79CB079A-2E0E-4D86-8D6C-E9C7155EB758}.Release|Any CPU.Build.0 = Release|Any CPU
		{505EEB33-F9E5-43E9-9B7C-5986D21CE451}.Debug|Any CPU.ActiveCfg = Debug|Any CPU
		{505EEB33-F9E5-43E9-9B7C-5986D21CE451}.Debug|Any CPU.Build.0 = Debug|Any CPU
		{505EEB33-F9E5-43E9-9B7C-5986D21CE451}.Release|Any CPU.ActiveCfg = Release|Any CPU
		{505EEB33-F9E5-43E9-9B7C-5986D21CE451}.Release|Any CPU.Build.0 = Release|Any CPU
		{C9FD8B00-91D2-4A41-ACBD-556CF90ECEFB}.Debug|Any CPU.ActiveCfg = Debug|Any CPU
		{C9FD8B00-91D2-4A41-ACBD-556CF90ECEFB}.Debug|Any CPU.Build.0 = Debug|Any CPU
		{C9FD8B00-91D2-4A41-ACBD-556CF90ECEFB}.Release|Any CPU.ActiveCfg = Release|Any CPU
		{C9FD8B00-91D2-4A41-ACBD-556CF90ECEFB}.Release|Any CPU.Build.0 = Release|Any CPU
		{40F3B169-4E96-4254-824A-634A9E8BC9B6}.Debug|Any CPU.ActiveCfg = Debug|Any CPU
		{40F3B169-4E96-4254-824A-634A9E8BC9B6}.Debug|Any CPU.Build.0 = Debug|Any CPU
		{40F3B169-4E96-4254-824A-634A9E8BC9B6}.Release|Any CPU.ActiveCfg = Release|Any CPU
		{40F3B169-4E96-4254-824A-634A9E8BC9B6}.Release|Any CPU.Build.0 = Release|Any CPU
		{7A7D99E8-C318-4E01-98E0-804DF45855AA}.Debug|Any CPU.ActiveCfg = Debug|Any CPU
		{7A7D99E8-C318-4E01-98E0-804DF45855AA}.Debug|Any CPU.Build.0 = Debug|Any CPU
		{7A7D99E8-C318-4E01-98E0-804DF45855AA}.Release|Any CPU.ActiveCfg = Release|Any CPU
		{7A7D99E8-C318-4E01-98E0-804DF45855AA}.Release|Any CPU.Build.0 = Release|Any CPU
		{885887A3-6D9D-43EE-8842-7E123914BB2B}.Debug|Any CPU.ActiveCfg = Debug|Any CPU
		{885887A3-6D9D-43EE-8842-7E123914BB2B}.Debug|Any CPU.Build.0 = Debug|Any CPU
		{885887A3-6D9D-43EE-8842-7E123914BB2B}.Release|Any CPU.ActiveCfg = Release|Any CPU
		{885887A3-6D9D-43EE-8842-7E123914BB2B}.Release|Any CPU.Build.0 = Release|Any CPU
		{800CC530-A354-4995-9BEC-1526363C9BE4}.Debug|Any CPU.ActiveCfg = Debug|Any CPU
		{800CC530-A354-4995-9BEC-1526363C9BE4}.Debug|Any CPU.Build.0 = Debug|Any CPU
		{800CC530-A354-4995-9BEC-1526363C9BE4}.Release|Any CPU.ActiveCfg = Release|Any CPU
		{800CC530-A354-4995-9BEC-1526363C9BE4}.Release|Any CPU.Build.0 = Release|Any CPU
		{56CBCFF8-9ECC-43A9-A38F-EA409C46E03C}.Debug|Any CPU.ActiveCfg = Debug|Any CPU
		{56CBCFF8-9ECC-43A9-A38F-EA409C46E03C}.Debug|Any CPU.Build.0 = Debug|Any CPU
		{56CBCFF8-9ECC-43A9-A38F-EA409C46E03C}.Release|Any CPU.ActiveCfg = Release|Any CPU
		{56CBCFF8-9ECC-43A9-A38F-EA409C46E03C}.Release|Any CPU.Build.0 = Release|Any CPU
		{50020D5A-B073-4B98-AC0C-F3A0BFBC93F9}.Debug|Any CPU.ActiveCfg = Debug|Any CPU
		{50020D5A-B073-4B98-AC0C-F3A0BFBC93F9}.Debug|Any CPU.Build.0 = Debug|Any CPU
		{50020D5A-B073-4B98-AC0C-F3A0BFBC93F9}.Release|Any CPU.ActiveCfg = Release|Any CPU
		{50020D5A-B073-4B98-AC0C-F3A0BFBC93F9}.Release|Any CPU.Build.0 = Release|Any CPU
		{D814A778-B673-48E6-8FDA-8ECE7ACE5264}.Debug|Any CPU.ActiveCfg = Debug|Any CPU
		{D814A778-B673-48E6-8FDA-8ECE7ACE5264}.Debug|Any CPU.Build.0 = Debug|Any CPU
		{D814A778-B673-48E6-8FDA-8ECE7ACE5264}.Release|Any CPU.ActiveCfg = Release|Any CPU
		{D814A778-B673-48E6-8FDA-8ECE7ACE5264}.Release|Any CPU.Build.0 = Release|Any CPU
		{81873DE1-2822-42EF-B251-47F24252447A}.Debug|Any CPU.ActiveCfg = Debug|Any CPU
		{81873DE1-2822-42EF-B251-47F24252447A}.Debug|Any CPU.Build.0 = Debug|Any CPU
		{81873DE1-2822-42EF-B251-47F24252447A}.Release|Any CPU.ActiveCfg = Release|Any CPU
		{81873DE1-2822-42EF-B251-47F24252447A}.Release|Any CPU.Build.0 = Release|Any CPU
		{F5D494C2-08A2-423A-83BE-EFBEAFD4AFCF}.Debug|Any CPU.ActiveCfg = Debug|Any CPU
		{F5D494C2-08A2-423A-83BE-EFBEAFD4AFCF}.Debug|Any CPU.Build.0 = Debug|Any CPU
		{F5D494C2-08A2-423A-83BE-EFBEAFD4AFCF}.Release|Any CPU.ActiveCfg = Release|Any CPU
		{F5D494C2-08A2-423A-83BE-EFBEAFD4AFCF}.Release|Any CPU.Build.0 = Release|Any CPU
		{062CF77F-B1F3-470C-8299-2F5C536D4A4C}.Debug|Any CPU.ActiveCfg = Debug|Any CPU
		{062CF77F-B1F3-470C-8299-2F5C536D4A4C}.Debug|Any CPU.Build.0 = Debug|Any CPU
		{062CF77F-B1F3-470C-8299-2F5C536D4A4C}.Release|Any CPU.ActiveCfg = Release|Any CPU
		{062CF77F-B1F3-470C-8299-2F5C536D4A4C}.Release|Any CPU.Build.0 = Release|Any CPU
		{70BD3A9B-03BF-4410-B70D-E7C3EAEBA97E}.Debug|Any CPU.ActiveCfg = Debug|Any CPU
		{70BD3A9B-03BF-4410-B70D-E7C3EAEBA97E}.Debug|Any CPU.Build.0 = Debug|Any CPU
		{70BD3A9B-03BF-4410-B70D-E7C3EAEBA97E}.Release|Any CPU.ActiveCfg = Release|Any CPU
		{70BD3A9B-03BF-4410-B70D-E7C3EAEBA97E}.Release|Any CPU.Build.0 = Release|Any CPU
		{5C210284-57CE-4EE3-97E6-2BF8EBFDE09C}.Debug|Any CPU.ActiveCfg = Debug|Any CPU
		{5C210284-57CE-4EE3-97E6-2BF8EBFDE09C}.Debug|Any CPU.Build.0 = Debug|Any CPU
		{5C210284-57CE-4EE3-97E6-2BF8EBFDE09C}.Release|Any CPU.ActiveCfg = Release|Any CPU
		{5C210284-57CE-4EE3-97E6-2BF8EBFDE09C}.Release|Any CPU.Build.0 = Release|Any CPU
		{D6FFB6A0-737A-4781-971A-BAA21F3A0A0E}.Debug|Any CPU.ActiveCfg = Debug|Any CPU
		{D6FFB6A0-737A-4781-971A-BAA21F3A0A0E}.Debug|Any CPU.Build.0 = Debug|Any CPU
		{D6FFB6A0-737A-4781-971A-BAA21F3A0A0E}.Release|Any CPU.ActiveCfg = Release|Any CPU
		{D6FFB6A0-737A-4781-971A-BAA21F3A0A0E}.Release|Any CPU.Build.0 = Release|Any CPU
		{E3446690-0FAA-4938-9720-B9BB81487064}.Debug|Any CPU.ActiveCfg = Debug|Any CPU
		{E3446690-0FAA-4938-9720-B9BB81487064}.Debug|Any CPU.Build.0 = Debug|Any CPU
		{E3446690-0FAA-4938-9720-B9BB81487064}.Release|Any CPU.ActiveCfg = Release|Any CPU
		{E3446690-0FAA-4938-9720-B9BB81487064}.Release|Any CPU.Build.0 = Release|Any CPU
	EndGlobalSection
	GlobalSection(SolutionProperties) = preSolution
		HideSolutionNode = FALSE
	EndGlobalSection
	GlobalSection(NestedProjects) = preSolution
		{91645859-E244-4DAC-A7A0-72BC1AD60A03} = {336F1A6E-5B16-4E23-A745-6B88FD8A3B68}
		{130D9489-80FF-4FA8-B573-419ABFD66233} = {336F1A6E-5B16-4E23-A745-6B88FD8A3B68}
		{06FC5EAE-5062-4C72-A6B2-02462D93E778} = {336F1A6E-5B16-4E23-A745-6B88FD8A3B68}
		{F8711EE8-0C0E-4F01-B01D-387FC5855D62} = {432D7779-0B63-440E-B41B-3DDDFDF07F6E}
		{38809774-0AA6-4798-B05E-9900AC24A878} = {F8711EE8-0C0E-4F01-B01D-387FC5855D62}
		{F9A447FC-DCC0-43A1-9513-B7AF5A30758A} = {F8711EE8-0C0E-4F01-B01D-387FC5855D62}
		{2B4787A5-FC1F-412B-8F30-EE2DEFA9CF46} = {38809774-0AA6-4798-B05E-9900AC24A878}
		{FF3613D3-A39A-4C7E-B31B-403268585806} = {38809774-0AA6-4798-B05E-9900AC24A878}
		{7CF9687D-4453-4512-BCAB-5F2F8EC5E135} = {2B4787A5-FC1F-412B-8F30-EE2DEFA9CF46}
		{DF814FF0-7F39-465F-91D1-448AE1162334} = {A128FF95-CC2B-4CC1-B50E-B67E30EDFE55}
		{7AB5BFF5-EE28-40B6-9CF5-A3B0EC3D3823} = {F9A447FC-DCC0-43A1-9513-B7AF5A30758A}
		{C2EE07DD-BBB1-494D-8D05-D0CE033C6615} = {A128FF95-CC2B-4CC1-B50E-B67E30EDFE55}
		{976320E4-4A25-49EB-937A-6E7BCE9CAB7C} = {A128FF95-CC2B-4CC1-B50E-B67E30EDFE55}
		{79CB079A-2E0E-4D86-8D6C-E9C7155EB758} = {FF3613D3-A39A-4C7E-B31B-403268585806}
		{71EC3EED-85B9-43D6-87DC-9F15FB70994C} = {F8711EE8-0C0E-4F01-B01D-387FC5855D62}
		{505EEB33-F9E5-43E9-9B7C-5986D21CE451} = {6C94B56D-2CC4-419F-8B02-4410061551B6}
		{C9FD8B00-91D2-4A41-ACBD-556CF90ECEFB} = {6C94B56D-2CC4-419F-8B02-4410061551B6}
		{40F3B169-4E96-4254-824A-634A9E8BC9B6} = {6C94B56D-2CC4-419F-8B02-4410061551B6}
		{7A7D99E8-C318-4E01-98E0-804DF45855AA} = {6C94B56D-2CC4-419F-8B02-4410061551B6}
		{885887A3-6D9D-43EE-8842-7E123914BB2B} = {6C94B56D-2CC4-419F-8B02-4410061551B6}
		{800CC530-A354-4995-9BEC-1526363C9BE4} = {6C94B56D-2CC4-419F-8B02-4410061551B6}
		{56CBCFF8-9ECC-43A9-A38F-EA409C46E03C} = {EA9233EB-72C6-41C3-819B-09F44F522392}
		{50020D5A-B073-4B98-AC0C-F3A0BFBC93F9} = {A128FF95-CC2B-4CC1-B50E-B67E30EDFE55}
		{6C94B56D-2CC4-419F-8B02-4410061551B6} = {71EC3EED-85B9-43D6-87DC-9F15FB70994C}
		{D814A778-B673-48E6-8FDA-8ECE7ACE5264} = {A128FF95-CC2B-4CC1-B50E-B67E30EDFE55}
		{81873DE1-2822-42EF-B251-47F24252447A} = {BB023455-9B13-4809-AB64-F025C282F2B8}
		{F5D494C2-08A2-423A-83BE-EFBEAFD4AFCF} = {BB023455-9B13-4809-AB64-F025C282F2B8}
		{062CF77F-B1F3-470C-8299-2F5C536D4A4C} = {BB023455-9B13-4809-AB64-F025C282F2B8}
		{70BD3A9B-03BF-4410-B70D-E7C3EAEBA97E} = {BB023455-9B13-4809-AB64-F025C282F2B8}
		{5C210284-57CE-4EE3-97E6-2BF8EBFDE09C} = {1CFB6EA1-45D6-43FE-9C55-5C33BE855E90}
		{D6FFB6A0-737A-4781-971A-BAA21F3A0A0E} = {1CFB6EA1-45D6-43FE-9C55-5C33BE855E90}
		{E3446690-0FAA-4938-9720-B9BB81487064} = {1CFB6EA1-45D6-43FE-9C55-5C33BE855E90}
	EndGlobalSection
	GlobalSection(ExtensibilityGlobals) = postSolution
		SolutionGuid = {0DC0F027-489E-4875-81E1-322E01A8A9C2}
	EndGlobalSection
EndGlobal
